
Microsoft Visual Studio Solution File, Format Version 12.00
# Visual Studio Version 17
VisualStudioVersion = 17.14.36119.2 d17.14
MinimumVisualStudioVersion = 10.0.40219.1
Project("{FAE04EC0-301F-11D3-BF4B-00C04F79EFBC}") = "PinedaLNotasApp", "PinedaLNotasApp.csproj", "{198A9916-C4CD-4E60-8D1A-E8CF424D0726}"
EndProject
Global
	GlobalSection(SolutionConfigurationPlatforms) = preSolution
		Debug|Any CPU = Debug|Any CPU
		Release|Any CPU = Release|Any CPU
	EndGlobalSection
	GlobalSection(ProjectConfigurationPlatforms) = postSolution
		{198A9916-C4CD-4E60-8D1A-E8CF424D0726}.Debug|Any CPU.ActiveCfg = Debug|Any CPU
		{198A9916-C4CD-4E60-8D1A-E8CF424D0726}.Debug|Any CPU.Build.0 = Debug|Any CPU
		{198A9916-C4CD-4E60-8D1A-E8CF424D0726}.Debug|Any CPU.Deploy.0 = Debug|Any CPU
		{198A9916-C4CD-4E60-8D1A-E8CF424D0726}.Release|Any CPU.ActiveCfg = Release|Any CPU
		{198A9916-C4CD-4E60-8D1A-E8CF424D0726}.Release|Any CPU.Build.0 = Release|Any CPU
		{198A9916-C4CD-4E60-8D1A-E8CF424D0726}.Release|Any CPU.Deploy.0 = Release|Any CPU
	EndGlobalSection
	GlobalSection(SolutionProperties) = preSolution
		HideSolutionNode = FALSE
	EndGlobalSection
	GlobalSection(ExtensibilityGlobals) = postSolution
		SolutionGuid = {BF05D985-BE6E-4389-8171-E452CF81A617}
	EndGlobalSection
EndGlobal
